
Microsoft Visual Studio Solution File, Format Version 12.00
# Visual Studio Version 17
VisualStudioVersion = 17.2.32526.322
MinimumVisualStudioVersion = 10.0.40219.1
Project("{FAE04EC0-301F-11D3-BF4B-00C04F79EFBC}") = "EventPlanner", "EventPlanner\EventPlanner.csproj", "{61749A9B-057D-4579-915E-EF06D77DE485}"
EndProject
Global
	GlobalSection(SolutionConfigurationPlatforms) = preSolution
		Debug|Any CPU = Debug|Any CPU
		Release|Any CPU = Release|Any CPU
	EndGlobalSection
	GlobalSection(ProjectConfigurationPlatforms) = postSolution
		{61749A9B-057D-4579-915E-EF06D77DE485}.Debug|Any CPU.ActiveCfg = Debug|Any CPU
		{61749A9B-057D-4579-915E-EF06D77DE485}.Debug|Any CPU.Build.0 = Debug|Any CPU
		{61749A9B-057D-4579-915E-EF06D77DE485}.Release|Any CPU.ActiveCfg = Release|Any CPU
		{61749A9B-057D-4579-915E-EF06D77DE485}.Release|Any CPU.Build.0 = Release|Any CPU
	EndGlobalSection
	GlobalSection(SolutionProperties) = preSolution
		HideSolutionNode = FALSE
	EndGlobalSection
	GlobalSection(ExtensibilityGlobals) = postSolution
		SolutionGuid = {DE1D72E1-3BD5-4ABD-A74D-A8F219891B43}
	EndGlobalSection
EndGlobal
